
Microsoft Visual Studio Solution File, Format Version 12.00
# Visual Studio Version 16
VisualStudioVersion = 16.0.31702.278
MinimumVisualStudioVersion = 10.0.40219.1
Project("{FAE04EC0-301F-11D3-BF4B-00C04F79EFBC}") = "Занятие 12", "Занятие 12\Занятие 12.csproj", "{F9CC9CB9-CE72-48FB-97CE-2E0A9BB9068F}"
EndProject
Global
	GlobalSection(SolutionConfigurationPlatforms) = preSolution
		Debug|Any CPU = Debug|Any CPU
		Release|Any CPU = Release|Any CPU
	EndGlobalSection
	GlobalSection(ProjectConfigurationPlatforms) = postSolution
		{F9CC9CB9-CE72-48FB-97CE-2E0A9BB9068F}.Debug|Any CPU.ActiveCfg = Debug|Any CPU
		{F9CC9CB9-CE72-48FB-97CE-2E0A9BB9068F}.Debug|Any CPU.Build.0 = Debug|Any CPU
		{F9CC9CB9-CE72-48FB-97CE-2E0A9BB9068F}.Release|Any CPU.ActiveCfg = Release|Any CPU
		{F9CC9CB9-CE72-48FB-97CE-2E0A9BB9068F}.Release|Any CPU.Build.0 = Release|Any CPU
	EndGlobalSection
	GlobalSection(SolutionProperties) = preSolution
		HideSolutionNode = FALSE
	EndGlobalSection
	GlobalSection(ExtensibilityGlobals) = postSolution
		SolutionGuid = {26540D72-0681-471B-8A0B-65B29C599CC2}
	EndGlobalSection
EndGlobal
